
Microsoft Visual Studio Solution File, Format Version 12.00
# Visual Studio Version 17
VisualStudioVersion = 17.11.35327.3
MinimumVisualStudioVersion = 10.0.40219.1
Project("{9A19103F-16F7-4668-BE54-9A1E7A4F7556}") = "IdentityWebAPI", "IdentityWebAPI.csproj", "{01D6E7C4-33EA-4113-80B4-D23B3E711B87}"
EndProject
Project("{9A19103F-16F7-4668-BE54-9A1E7A4F7556}") = "BikeDealerMgmtAPI", "..\BikeDealerMgmt\BikeDealerMgmtAPI.csproj", "{602F06B7-E329-4F77-98DC-B0D37FF44587}"
EndProject
Project("{FAE04EC0-301F-11D3-BF4B-00C04F79EFBC}") = "BikeDealerGateway", "..\BikeDealerGateway\BikeDealerGateway.csproj", "{C5B49D1F-03CA-4EA1-81D0-CB7BC6BDEA13}"
EndProject
Global
	GlobalSection(SolutionConfigurationPlatforms) = preSolution
		Debug|Any CPU = Debug|Any CPU
		Release|Any CPU = Release|Any CPU
	EndGlobalSection
	GlobalSection(ProjectConfigurationPlatforms) = postSolution
		{01D6E7C4-33EA-4113-80B4-D23B3E711B87}.Debug|Any CPU.ActiveCfg = Debug|Any CPU
		{01D6E7C4-33EA-4113-80B4-D23B3E711B87}.Debug|Any CPU.Build.0 = Debug|Any CPU
		{01D6E7C4-33EA-4113-80B4-D23B3E711B87}.Release|Any CPU.ActiveCfg = Release|Any CPU
		{01D6E7C4-33EA-4113-80B4-D23B3E711B87}.Release|Any CPU.Build.0 = Release|Any CPU
		{602F06B7-E329-4F77-98DC-B0D37FF44587}.Debug|Any CPU.ActiveCfg = Debug|Any CPU
		{602F06B7-E329-4F77-98DC-B0D37FF44587}.Debug|Any CPU.Build.0 = Debug|Any CPU
		{602F06B7-E329-4F77-98DC-B0D37FF44587}.Release|Any CPU.ActiveCfg = Release|Any CPU
		{602F06B7-E329-4F77-98DC-B0D37FF44587}.Release|Any CPU.Build.0 = Release|Any CPU
		{C5B49D1F-03CA-4EA1-81D0-CB7BC6BDEA13}.Debug|Any CPU.ActiveCfg = Debug|Any CPU
		{C5B49D1F-03CA-4EA1-81D0-CB7BC6BDEA13}.Debug|Any CPU.Build.0 = Debug|Any CPU
		{C5B49D1F-03CA-4EA1-81D0-CB7BC6BDEA13}.Release|Any CPU.ActiveCfg = Release|Any CPU
		{C5B49D1F-03CA-4EA1-81D0-CB7BC6BDEA13}.Release|Any CPU.Build.0 = Release|Any CPU
	EndGlobalSection
	GlobalSection(SolutionProperties) = preSolution
		HideSolutionNode = FALSE
	EndGlobalSection
	GlobalSection(ExtensibilityGlobals) = postSolution
		SolutionGuid = {2C57CE79-81E6-4AA7-A92B-2C4491DC6485}
	EndGlobalSection
EndGlobal
